
Microsoft Visual Studio Solution File, Format Version 12.00
# Visual Studio 15
VisualStudioVersion = 15.0.27130.2027
MinimumVisualStudioVersion = 10.0.40219.1
Project("{8BC9CEB8-8B4A-11D0-8D11-00A0C91BC942}") = "WormholeRenderer", "WormholeRenderer\WormholeRenderer.vcxproj", "{F410F0E6-685F-45D7-9B74-EFD79CAB656E}"
	ProjectSection(ProjectDependencies) = postProject
		{7BAC6349-E939-4659-9183-4BAB37BE0D04} = {7BAC6349-E939-4659-9183-4BAB37BE0D04}
		{1A4EF2C9-E2F7-4650-93B3-374EFC397AC7} = {1A4EF2C9-E2F7-4650-93B3-374EFC397AC7}
	EndProjectSection
EndProject
Project("{2150E333-8FDC-42A3-9474-1A3956D46DE8}") = "vendor", "vendor", "{8E5A1883-59A1-41A4-8FC5-7F531DB14EAF}"
EndProject
Project("{2150E333-8FDC-42A3-9474-1A3956D46DE8}") = "daemonalchemist", "daemonalchemist", "{31A32B97-3916-4C38-9832-D5AACEF6C06C}"
EndProject
Project("{8BC9CEB8-8B4A-11D0-8D11-00A0C91BC942}") = "atp-vector", "vendor\daemonalchemist\atp-vector\atp-vector.vcxproj", "{1A4EF2C9-E2F7-4650-93B3-374EFC397AC7}"
EndProject
Project("{8BC9CEB8-8B4A-11D0-8D11-00A0C91BC942}") = "atp-coordinate-systems", "vendor\daemonalchemist\atp-coordinate-systems\atp-coordinate-systems.vcxproj", "{7BAC6349-E939-4659-9183-4BAB37BE0D04}"
	ProjectSection(ProjectDependencies) = postProject
		{1A4EF2C9-E2F7-4650-93B3-374EFC397AC7} = {1A4EF2C9-E2F7-4650-93B3-374EFC397AC7}
		{51D950D2-B5A0-48A1-97E5-F54F2C4688E8} = {51D950D2-B5A0-48A1-97E5-F54F2C4688E8}
	EndProjectSection
EndProject
Project("{8BC9CEB8-8B4A-11D0-8D11-00A0C91BC942}") = "atp-matrix", "vendor\daemonalchemist\atp-matrix\atp-matrix.vcxproj", "{51D950D2-B5A0-48A1-97E5-F54F2C4688E8}"
EndProject
Global
	GlobalSection(SolutionConfigurationPlatforms) = preSolution
		Debug|x64 = Debug|x64
		Debug|x86 = Debug|x86
		Release|x64 = Release|x64
		Release|x86 = Release|x86
	EndGlobalSection
	GlobalSection(ProjectConfigurationPlatforms) = postSolution
		{F410F0E6-685F-45D7-9B74-EFD79CAB656E}.Debug|x64.ActiveCfg = Debug|x64
		{F410F0E6-685F-45D7-9B74-EFD79CAB656E}.Debug|x64.Build.0 = Debug|x64
		{F410F0E6-685F-45D7-9B74-EFD79CAB656E}.Debug|x86.ActiveCfg = Debug|Win32
		{F410F0E6-685F-45D7-9B74-EFD79CAB656E}.Debug|x86.Build.0 = Debug|Win32
		{F410F0E6-685F-45D7-9B74-EFD79CAB656E}.Release|x64.ActiveCfg = Release|x64
		{F410F0E6-685F-45D7-9B74-EFD79CAB656E}.Release|x64.Build.0 = Release|x64
		{F410F0E6-685F-45D7-9B74-EFD79CAB656E}.Release|x86.ActiveCfg = Release|Win32
		{F410F0E6-685F-45D7-9B74-EFD79CAB656E}.Release|x86.Build.0 = Release|Win32
		{1A4EF2C9-E2F7-4650-93B3-374EFC397AC7}.Debug|x64.ActiveCfg = Debug|x64
		{1A4EF2C9-E2F7-4650-93B3-374EFC397AC7}.Debug|x64.Build.0 = Debug|x64
		{1A4EF2C9-E2F7-4650-93B3-374EFC397AC7}.Debug|x86.ActiveCfg = Debug|Win32
		{1A4EF2C9-E2F7-4650-93B3-374EFC397AC7}.Debug|x86.Build.0 = Debug|Win32
		{1A4EF2C9-E2F7-4650-93B3-374EFC397AC7}.Release|x64.ActiveCfg = Release|x64
		{1A4EF2C9-E2F7-4650-93B3-374EFC397AC7}.Release|x64.Build.0 = Release|x64
		{1A4EF2C9-E2F7-4650-93B3-374EFC397AC7}.Release|x86.ActiveCfg = Release|Win32
		{1A4EF2C9-E2F7-4650-93B3-374EFC397AC7}.Release|x86.Build.0 = Release|Win32
		{7BAC6349-E939-4659-9183-4BAB37BE0D04}.Debug|x64.ActiveCfg = Debug|x64
		{7BAC6349-E939-4659-9183-4BAB37BE0D04}.Debug|x64.Build.0 = Debug|x64
		{7BAC6349-E939-4659-9183-4BAB37BE0D04}.Debug|x86.ActiveCfg = Debug|Win32
		{7BAC6349-E939-4659-9183-4BAB37BE0D04}.Debug|x86.Build.0 = Debug|Win32
		{7BAC6349-E939-4659-9183-4BAB37BE0D04}.Release|x64.ActiveCfg = Release|x64
		{7BAC6349-E939-4659-9183-4BAB37BE0D04}.Release|x64.Build.0 = Release|x64
		{7BAC6349-E939-4659-9183-4BAB37BE0D04}.Release|x86.ActiveCfg = Release|Win32
		{7BAC6349-E939-4659-9183-4BAB37BE0D04}.Release|x86.Build.0 = Release|Win32
		{51D950D2-B5A0-48A1-97E5-F54F2C4688E8}.Debug|x64.ActiveCfg = Debug|x64
		{51D950D2-B5A0-48A1-97E5-F54F2C4688E8}.Debug|x64.Build.0 = Debug|x64
		{51D950D2-B5A0-48A1-97E5-F54F2C4688E8}.Debug|x86.ActiveCfg = Debug|Win32
		{51D950D2-B5A0-48A1-97E5-F54F2C4688E8}.Debug|x86.Build.0 = Debug|Win32
		{51D950D2-B5A0-48A1-97E5-F54F2C4688E8}.Release|x64.ActiveCfg = Release|x64
		{51D950D2-B5A0-48A1-97E5-F54F2C4688E8}.Release|x64.Build.0 = Release|x64
		{51D950D2-B5A0-48A1-97E5-F54F2C4688E8}.Release|x86.ActiveCfg = Release|Win32
		{51D950D2-B5A0-48A1-97E5-F54F2C4688E8}.Release|x86.Build.0 = Release|Win32
	EndGlobalSection
	GlobalSection(SolutionProperties) = preSolution
		HideSolutionNode = FALSE
	EndGlobalSection
	GlobalSection(NestedProjects) = preSolution
		{31A32B97-3916-4C38-9832-D5AACEF6C06C} = {8E5A1883-59A1-41A4-8FC5-7F531DB14EAF}
		{1A4EF2C9-E2F7-4650-93B3-374EFC397AC7} = {31A32B97-3916-4C38-9832-D5AACEF6C06C}
		{7BAC6349-E939-4659-9183-4BAB37BE0D04} = {31A32B97-3916-4C38-9832-D5AACEF6C06C}
		{51D950D2-B5A0-48A1-97E5-F54F2C4688E8} = {31A32B97-3916-4C38-9832-D5AACEF6C06C}
	EndGlobalSection
	GlobalSection(ExtensibilityGlobals) = postSolution
		SolutionGuid = {0F54BF3C-7810-4885-B855-3BFC73456FAD}
	EndGlobalSection
EndGlobal
